
Microsoft Visual Studio Solution File, Format Version 12.00
# Visual Studio 2015
Project("{FAE04EC0-301F-11D3-BF4B-00C04F79EFBC}") = "Parmas Version.CSharp", "Parmas Version.CSharp.csproj", "{E0DF3938-6444-A2F3-3D01-BC0729E15D74}"
EndProject
Project("{FAE04EC0-301F-11D3-BF4B-00C04F79EFBC}") = "Parmas Version.CSharp.Editor", "Parmas Version.CSharp.Editor.csproj", "{B6390440-1B2A-6B95-7419-90DAD259B237}"
EndProject
Global
	GlobalSection(SolutionConfigurationPlatforms) = preSolution
		Debug|Any CPU = Debug|Any CPU
		Release|Any CPU = Release|Any CPU
	EndGlobalSection
	GlobalSection(ProjectConfigurationPlatforms) = postSolution
		{E0DF3938-6444-A2F3-3D01-BC0729E15D74}.Debug|Any CPU.ActiveCfg = Debug|Any CPU
		{E0DF3938-6444-A2F3-3D01-BC0729E15D74}.Debug|Any CPU.Build.0 = Debug|Any CPU
		{E0DF3938-6444-A2F3-3D01-BC0729E15D74}.Release|Any CPU.ActiveCfg = Release|Any CPU
		{E0DF3938-6444-A2F3-3D01-BC0729E15D74}.Release|Any CPU.Build.0 = Release|Any CPU
		{B6390440-1B2A-6B95-7419-90DAD259B237}.Debug|Any CPU.ActiveCfg = Debug|Any CPU
		{B6390440-1B2A-6B95-7419-90DAD259B237}.Debug|Any CPU.Build.0 = Debug|Any CPU
		{B6390440-1B2A-6B95-7419-90DAD259B237}.Release|Any CPU.ActiveCfg = Release|Any CPU
		{B6390440-1B2A-6B95-7419-90DAD259B237}.Release|Any CPU.Build.0 = Release|Any CPU
	EndGlobalSection
	GlobalSection(SolutionProperties) = preSolution
		HideSolutionNode = FALSE
	EndGlobalSection
EndGlobal
